// !$*UTF8*$!
{
	archiveVersion = 1;
	classes = {
	};
	objectVersion = 51;
	objects = {

/* Begin PBXBuildFile section */
		620974E8FC48CF3477F15C97 /* Pods_FoodieApp_iOS.framework in Frameworks */ = {isa = PBXBuildFile; fileRef = 99E550BDCDC61DF844E1E5E0 /* Pods_FoodieApp_iOS.framework */; };
		FC16AEF4255FA5BC00180235 /* UIViewController+Extension.swift in Sources */ = {isa = PBXBuildFile; fileRef = FC16AEF3255FA5BC00180235 /* UIViewController+Extension.swift */; };
		FC16AEFB255FAB5000180235 /* KitchenDetailCollectionViewCell.swift in Sources */ = {isa = PBXBuildFile; fileRef = FC16AEF9255FAB5000180235 /* KitchenDetailCollectionViewCell.swift */; };
		FC16AEFC255FAB5000180235 /* KitchenDetailCollectionViewCell.xib in Resources */ = {isa = PBXBuildFile; fileRef = FC16AEFA255FAB5000180235 /* KitchenDetailCollectionViewCell.xib */; };
		FC16AEFF255FAC2400180235 /* CellName.swift in Sources */ = {isa = PBXBuildFile; fileRef = FC16AEFE255FAC2400180235 /* CellName.swift */; };
		FC16AF062560A33900180235 /* UICollectionView+Extension.swift in Sources */ = {isa = PBXBuildFile; fileRef = FC16AF052560A33900180235 /* UICollectionView+Extension.swift */; };
		FC16AF092560B86E00180235 /* CustomView.swift in Sources */ = {isa = PBXBuildFile; fileRef = FC16AF082560B86E00180235 /* CustomView.swift */; };
		FC16AF0D2560BC6300180235 /* FoodDetailViewController.swift in Sources */ = {isa = PBXBuildFile; fileRef = FC16AF0B2560BC6300180235 /* FoodDetailViewController.swift */; };
		FC16AF0E2560BC6300180235 /* FoodDetailViewController.xib in Resources */ = {isa = PBXBuildFile; fileRef = FC16AF0C2560BC6300180235 /* FoodDetailViewController.xib */; };
		FC16AF282560CADF00180235 /* BasketViewController.swift in Sources */ = {isa = PBXBuildFile; fileRef = FC16AF262560CADF00180235 /* BasketViewController.swift */; };
		FC16AF292560CADF00180235 /* BasketViewController.xib in Resources */ = {isa = PBXBuildFile; fileRef = FC16AF272560CADF00180235 /* BasketViewController.xib */; };
		FC16AF3025612F2F00180235 /* BasketDeliverTableViewCell.swift in Sources */ = {isa = PBXBuildFile; fileRef = FC16AF2E25612F2F00180235 /* BasketDeliverTableViewCell.swift */; };
		FC16AF3125612F2F00180235 /* BasketDeliverTableViewCell.xib in Resources */ = {isa = PBXBuildFile; fileRef = FC16AF2F25612F2F00180235 /* BasketDeliverTableViewCell.xib */; };
		FC16AF35256130FF00180235 /* BasketOrderTableViewCell.swift in Sources */ = {isa = PBXBuildFile; fileRef = FC16AF33256130FF00180235 /* BasketOrderTableViewCell.swift */; };
		FC16AF36256130FF00180235 /* BasketOrderTableViewCell.xib in Resources */ = {isa = PBXBuildFile; fileRef = FC16AF34256130FF00180235 /* BasketOrderTableViewCell.xib */; };
		FC16AF3A256137F900180235 /* BasketOrderTotalTableViewCell.swift in Sources */ = {isa = PBXBuildFile; fileRef = FC16AF38256137F900180235 /* BasketOrderTotalTableViewCell.swift */; };
		FC16AF3B256137F900180235 /* BasketOrderTotalTableViewCell.xib in Resources */ = {isa = PBXBuildFile; fileRef = FC16AF39256137F900180235 /* BasketOrderTotalTableViewCell.xib */; };
		FC16AF3F25613A0B00180235 /* BasketPaymentTableViewCell.swift in Sources */ = {isa = PBXBuildFile; fileRef = FC16AF3D25613A0B00180235 /* BasketPaymentTableViewCell.swift */; };
		FC16AF4025613A0B00180235 /* BasketPaymentTableViewCell.xib in Resources */ = {isa = PBXBuildFile; fileRef = FC16AF3E25613A0B00180235 /* BasketPaymentTableViewCell.xib */; };
		FC3161F5255CB71600D3ED8E /* .swiftlint.yml in Resources */ = {isa = PBXBuildFile; fileRef = FC3161F4255CB71600D3ED8E /* .swiftlint.yml */; };
		FC3367962567BE5400DBEA58 /* KItchenResponse.swift in Sources */ = {isa = PBXBuildFile; fileRef = FC3367952567BE5400DBEA58 /* KItchenResponse.swift */; };
		FC3367992567BFA000DBEA58 /* RemoteDataSource.swift in Sources */ = {isa = PBXBuildFile; fileRef = FC3367982567BFA000DBEA58 /* RemoteDataSource.swift */; };
		FC33679C2567C14600DBEA58 /* ApiCall.swift in Sources */ = {isa = PBXBuildFile; fileRef = FC33679B2567C14600DBEA58 /* ApiCall.swift */; };
		FC3367A12567C3D700DBEA58 /* ErrorHandler.swift in Sources */ = {isa = PBXBuildFile; fileRef = FC3367A02567C3D700DBEA58 /* ErrorHandler.swift */; };
		FC3367BD2567D35C00DBEA58 /* KitchenRepository.swift in Sources */ = {isa = PBXBuildFile; fileRef = FC3367BC2567D35C00DBEA58 /* KitchenRepository.swift */; };
		FC3367C32567D3DD00DBEA58 /* KitchenModel.swift in Sources */ = {isa = PBXBuildFile; fileRef = FC3367C22567D3DD00DBEA58 /* KitchenModel.swift */; };
		FC3367C72567D5D400DBEA58 /* KitchenMapper.swift in Sources */ = {isa = PBXBuildFile; fileRef = FC3367C62567D5D400DBEA58 /* KitchenMapper.swift */; };
		FC3FDF7B255F4F2B00AEF21E /* MainTabBarViewController.swift in Sources */ = {isa = PBXBuildFile; fileRef = FC3FDF7A255F4F2B00AEF21E /* MainTabBarViewController.swift */; };
		FC3FDF81255F55AA00AEF21E /* KitchenDetailViewController.swift in Sources */ = {isa = PBXBuildFile; fileRef = FC3FDF7F255F55AA00AEF21E /* KitchenDetailViewController.swift */; };
		FC3FDF82255F55AA00AEF21E /* KitchenDetailViewController.xib in Resources */ = {isa = PBXBuildFile; fileRef = FC3FDF80255F55AA00AEF21E /* KitchenDetailViewController.xib */; };
		FC4F9D98255B8E4600996D92 /* AppDelegate.swift in Sources */ = {isa = PBXBuildFile; fileRef = FC4F9D97255B8E4600996D92 /* AppDelegate.swift */; };
		FC4F9D9C255B8E4600996D92 /* WelcomeViewController.swift in Sources */ = {isa = PBXBuildFile; fileRef = FC4F9D9B255B8E4600996D92 /* WelcomeViewController.swift */; };
		FC4F9D9F255B8E4600996D92 /* Main.storyboard in Resources */ = {isa = PBXBuildFile; fileRef = FC4F9D9D255B8E4600996D92 /* Main.storyboard */; };
		FC4F9DA1255B8E4700996D92 /* Assets.xcassets in Resources */ = {isa = PBXBuildFile; fileRef = FC4F9DA0255B8E4700996D92 /* Assets.xcassets */; };
		FC4F9DA4255B8E4700996D92 /* LaunchScreen.storyboard in Resources */ = {isa = PBXBuildFile; fileRef = FC4F9DA2255B8E4700996D92 /* LaunchScreen.storyboard */; };
		FC4F9DBF255B99A900996D92 /* Poppins-Regular.ttf in Resources */ = {isa = PBXBuildFile; fileRef = FC4F9DBE255B99A900996D92 /* Poppins-Regular.ttf */; };
		FC4F9DC2255B9A1900996D92 /* Poppins-SemiBold.ttf in Resources */ = {isa = PBXBuildFile; fileRef = FC4F9DC1255B9A1900996D92 /* Poppins-SemiBold.ttf */; };
		FC4F9DC5255B9A6900996D92 /* Poppins-Bold.ttf in Resources */ = {isa = PBXBuildFile; fileRef = FC4F9DC4255B9A6900996D92 /* Poppins-Bold.ttf */; };
		FC4F9DC8255B9A9200996D92 /* Poppins-Light.ttf in Resources */ = {isa = PBXBuildFile; fileRef = FC4F9DC7255B9A9200996D92 /* Poppins-Light.ttf */; };
		FC4F9DCB255B9AD800996D92 /* Poppins-Medium.ttf in Resources */ = {isa = PBXBuildFile; fileRef = FC4F9DCA255B9AD800996D92 /* Poppins-Medium.ttf */; };
		FC4F9DD0255B9C5C00996D92 /* FontName.swift in Sources */ = {isa = PBXBuildFile; fileRef = FC4F9DCF255B9C5C00996D92 /* FontName.swift */; };
		FC4F9DF3255BE0C300996D92 /* ColorName.swift in Sources */ = {isa = PBXBuildFile; fileRef = FC4F9DF2255BE0C300996D92 /* ColorName.swift */; };
		FC4F9DF8255C2B2200996D92 /* CustomLabel.swift in Sources */ = {isa = PBXBuildFile; fileRef = FC4F9DF7255C2B2200996D92 /* CustomLabel.swift */; };
		FC4F9E02255C2EC000996D92 /* CustomButton.swift in Sources */ = {isa = PBXBuildFile; fileRef = FC4F9E01255C2EC000996D92 /* CustomButton.swift */; };
		FC4FBA24255E239900BD4A1E /* UIView+Extension.swift in Sources */ = {isa = PBXBuildFile; fileRef = FC4FBA23255E239900BD4A1E /* UIView+Extension.swift */; };
		FC4FBA28255E253600BD4A1E /* HomeTableViewCell.swift in Sources */ = {isa = PBXBuildFile; fileRef = FC4FBA26255E253600BD4A1E /* HomeTableViewCell.swift */; };
		FC4FBA29255E253600BD4A1E /* HomeTableViewCell.xib in Resources */ = {isa = PBXBuildFile; fileRef = FC4FBA27255E253600BD4A1E /* HomeTableViewCell.xib */; };
		FC8BDA2F256215700083294E /* MyOrderViewController.swift in Sources */ = {isa = PBXBuildFile; fileRef = FC8BDA2D256215700083294E /* MyOrderViewController.swift */; };
		FC8BDA30256215700083294E /* MyOrderViewController.xib in Resources */ = {isa = PBXBuildFile; fileRef = FC8BDA2E256215700083294E /* MyOrderViewController.xib */; };
		FC8BDA3825621EA10083294E /* MyOrderTableViewCell.swift in Sources */ = {isa = PBXBuildFile; fileRef = FC8BDA3625621EA10083294E /* MyOrderTableViewCell.swift */; };
		FC8BDA3925621EA10083294E /* MyOrderTableViewCell.xib in Resources */ = {isa = PBXBuildFile; fileRef = FC8BDA3725621EA10083294E /* MyOrderTableViewCell.xib */; };
		FC8BDA3D25623C3C0083294E /* MyOrderDetailViewController.swift in Sources */ = {isa = PBXBuildFile; fileRef = FC8BDA3B25623C3C0083294E /* MyOrderDetailViewController.swift */; };
		FC8BDA3E25623C3C0083294E /* MyOrderDetailViewController.xib in Resources */ = {isa = PBXBuildFile; fileRef = FC8BDA3C25623C3C0083294E /* MyOrderDetailViewController.xib */; };
		FC8BDA4425623FAE0083294E /* MyOrderDeliverTableViewCell.swift in Sources */ = {isa = PBXBuildFile; fileRef = FC8BDA4225623FAE0083294E /* MyOrderDeliverTableViewCell.swift */; };
		FC8BDA4525623FAE0083294E /* MyOrderDeliverTableViewCell.xib in Resources */ = {isa = PBXBuildFile; fileRef = FC8BDA4325623FAE0083294E /* MyOrderDeliverTableViewCell.xib */; };
		FC8BDA492562506B0083294E /* MyOrderLocationTableViewCell.swift in Sources */ = {isa = PBXBuildFile; fileRef = FC8BDA472562506B0083294E /* MyOrderLocationTableViewCell.swift */; };
		FC8BDA4A2562506B0083294E /* MyOrderLocationTableViewCell.xib in Resources */ = {isa = PBXBuildFile; fileRef = FC8BDA482562506B0083294E /* MyOrderLocationTableViewCell.xib */; };
		FC8BDA4E256256220083294E /* MyOrderSummaryTableViewCell.swift in Sources */ = {isa = PBXBuildFile; fileRef = FC8BDA4C256256220083294E /* MyOrderSummaryTableViewCell.swift */; };
		FC8BDA4F256256220083294E /* MyOrderSummaryTableViewCell.xib in Resources */ = {isa = PBXBuildFile; fileRef = FC8BDA4D256256220083294E /* MyOrderSummaryTableViewCell.xib */; };
		FC8BDA53256257300083294E /* MyOrderSummaryDetailTableViewCell.swift in Sources */ = {isa = PBXBuildFile; fileRef = FC8BDA51256257300083294E /* MyOrderSummaryDetailTableViewCell.swift */; };
		FC8BDA54256257300083294E /* MyOrderSummaryDetailTableViewCell.xib in Resources */ = {isa = PBXBuildFile; fileRef = FC8BDA52256257300083294E /* MyOrderSummaryDetailTableViewCell.xib */; };
		FC8BDA58256258E20083294E /* MyOrderSubtotalTableViewCell.swift in Sources */ = {isa = PBXBuildFile; fileRef = FC8BDA56256258E20083294E /* MyOrderSubtotalTableViewCell.swift */; };
		FC8BDA59256258E20083294E /* MyOrderSubtotalTableViewCell.xib in Resources */ = {isa = PBXBuildFile; fileRef = FC8BDA57256258E20083294E /* MyOrderSubtotalTableViewCell.xib */; };
		FC8BDA5D25625A810083294E /* MyOrderTotalTableViewCell.swift in Sources */ = {isa = PBXBuildFile; fileRef = FC8BDA5B25625A810083294E /* MyOrderTotalTableViewCell.swift */; };
		FC8BDA5E25625A810083294E /* MyOrderTotalTableViewCell.xib in Resources */ = {isa = PBXBuildFile; fileRef = FC8BDA5C25625A810083294E /* MyOrderTotalTableViewCell.xib */; };
		FC8BDA6125625E130083294E /* BottomSheetViewController.swift in Sources */ = {isa = PBXBuildFile; fileRef = FC8BDA6025625E130083294E /* BottomSheetViewController.swift */; };
		FC8BDA66256262040083294E /* FeedbackViewController.swift in Sources */ = {isa = PBXBuildFile; fileRef = FC8BDA64256262040083294E /* FeedbackViewController.swift */; };
		FC8BDA67256262040083294E /* FeedbackViewController.xib in Resources */ = {isa = PBXBuildFile; fileRef = FC8BDA65256262040083294E /* FeedbackViewController.xib */; };
		FC8BDAC22563CA2D0083294E /* CustomTextView.swift in Sources */ = {isa = PBXBuildFile; fileRef = FC8BDAC12563CA2D0083294E /* CustomTextView.swift */; };
		FC8BDAC62564BB850083294E /* ProfileViewController.swift in Sources */ = {isa = PBXBuildFile; fileRef = FC8BDAC42564BB840083294E /* ProfileViewController.swift */; };
		FC8BDAC72564BB850083294E /* ProfileViewController.xib in Resources */ = {isa = PBXBuildFile; fileRef = FC8BDAC52564BB840083294E /* ProfileViewController.xib */; };
		FC8BDACE2564C8200083294E /* ProfileEditViewController.swift in Sources */ = {isa = PBXBuildFile; fileRef = FC8BDACC2564C8200083294E /* ProfileEditViewController.swift */; };
		FC8BDACF2564C8200083294E /* ProfileEditViewController.xib in Resources */ = {isa = PBXBuildFile; fileRef = FC8BDACD2564C8200083294E /* ProfileEditViewController.xib */; };
		FCBF666D255D116900E86744 /* IconName.swift in Sources */ = {isa = PBXBuildFile; fileRef = FCBF666C255D116900E86744 /* IconName.swift */; };
		FCBF6671255D124800E86744 /* UITextField+Extension.swift in Sources */ = {isa = PBXBuildFile; fileRef = FCBF6670255D124800E86744 /* UITextField+Extension.swift */; };
		FCBF6675255D174100E86744 /* LoginViewController.swift in Sources */ = {isa = PBXBuildFile; fileRef = FCBF6673255D174100E86744 /* LoginViewController.swift */; };
		FCBF6676255D174100E86744 /* LoginViewController.xib in Resources */ = {isa = PBXBuildFile; fileRef = FCBF6674255D174100E86744 /* LoginViewController.xib */; };
		FCBF667E255D1A8700E86744 /* CheckEmailViewController.swift in Sources */ = {isa = PBXBuildFile; fileRef = FCBF667C255D1A8700E86744 /* CheckEmailViewController.swift */; };
		FCBF667F255D1A8700E86744 /* CheckEmailViewController.xib in Resources */ = {isa = PBXBuildFile; fileRef = FCBF667D255D1A8700E86744 /* CheckEmailViewController.xib */; };
		FCD228B2255CA49900FDCB5A /* CreateAccountViewController.swift in Sources */ = {isa = PBXBuildFile; fileRef = FCD228B0255CA49900FDCB5A /* CreateAccountViewController.swift */; };
		FCD228B3255CA49900FDCB5A /* CreateAccountViewController.xib in Resources */ = {isa = PBXBuildFile; fileRef = FCD228B1255CA49900FDCB5A /* CreateAccountViewController.xib */; };
		FCD228B7255CA99500FDCB5A /* CustomTextField.swift in Sources */ = {isa = PBXBuildFile; fileRef = FCD228B6255CA99500FDCB5A /* CustomTextField.swift */; };
		FCE2C1DD255D315400BF246A /* HomeViewController.swift in Sources */ = {isa = PBXBuildFile; fileRef = FCE2C1DB255D315400BF246A /* HomeViewController.swift */; };
		FCE2C1DE255D315400BF246A /* HomeViewController.xib in Resources */ = {isa = PBXBuildFile; fileRef = FCE2C1DC255D315400BF246A /* HomeViewController.xib */; };
		FCE2C1E4255D9C3E00BF246A /* UISearchBar+Extension.swift in Sources */ = {isa = PBXBuildFile; fileRef = FCE2C1E3255D9C3E00BF246A /* UISearchBar+Extension.swift */; };
		FCE2C1E7255DFDB000BF246A /* CustomButtonSmall.swift in Sources */ = {isa = PBXBuildFile; fileRef = FCE2C1E6255DFDB000BF246A /* CustomButtonSmall.swift */; };
/* End PBXBuildFile section */

/* Begin PBXFileReference section */
		4D9311C04ED10998244071E3 /* Pods-FoodieApp-iOS.debug.xcconfig */ = {isa = PBXFileReference; includeInIndex = 1; lastKnownFileType = text.xcconfig; name = "Pods-FoodieApp-iOS.debug.xcconfig"; path = "Target Support Files/Pods-FoodieApp-iOS/Pods-FoodieApp-iOS.debug.xcconfig"; sourceTree = "<group>"; };
		99E550BDCDC61DF844E1E5E0 /* Pods_FoodieApp_iOS.framework */ = {isa = PBXFileReference; explicitFileType = wrapper.framework; includeInIndex = 0; path = Pods_FoodieApp_iOS.framework; sourceTree = BUILT_PRODUCTS_DIR; };
		A5F4C1B4CFFD9275148D0FDD /* Pods-FoodieApp-iOS.release.xcconfig */ = {isa = PBXFileReference; includeInIndex = 1; lastKnownFileType = text.xcconfig; name = "Pods-FoodieApp-iOS.release.xcconfig"; path = "Target Support Files/Pods-FoodieApp-iOS/Pods-FoodieApp-iOS.release.xcconfig"; sourceTree = "<group>"; };
		FC16AEF3255FA5BC00180235 /* UIViewController+Extension.swift */ = {isa = PBXFileReference; lastKnownFileType = sourcecode.swift; path = "UIViewController+Extension.swift"; sourceTree = "<group>"; };
		FC16AEF9255FAB5000180235 /* KitchenDetailCollectionViewCell.swift */ = {isa = PBXFileReference; lastKnownFileType = sourcecode.swift; path = KitchenDetailCollectionViewCell.swift; sourceTree = "<group>"; };
		FC16AEFA255FAB5000180235 /* KitchenDetailCollectionViewCell.xib */ = {isa = PBXFileReference; lastKnownFileType = file.xib; path = KitchenDetailCollectionViewCell.xib; sourceTree = "<group>"; };
		FC16AEFE255FAC2400180235 /* CellName.swift */ = {isa = PBXFileReference; lastKnownFileType = sourcecode.swift; path = CellName.swift; sourceTree = "<group>"; };
		FC16AF052560A33900180235 /* UICollectionView+Extension.swift */ = {isa = PBXFileReference; lastKnownFileType = sourcecode.swift; path = "UICollectionView+Extension.swift"; sourceTree = "<group>"; };
		FC16AF082560B86E00180235 /* CustomView.swift */ = {isa = PBXFileReference; lastKnownFileType = sourcecode.swift; path = CustomView.swift; sourceTree = "<group>"; };
		FC16AF0B2560BC6300180235 /* FoodDetailViewController.swift */ = {isa = PBXFileReference; lastKnownFileType = sourcecode.swift; path = FoodDetailViewController.swift; sourceTree = "<group>"; };
		FC16AF0C2560BC6300180235 /* FoodDetailViewController.xib */ = {isa = PBXFileReference; lastKnownFileType = file.xib; path = FoodDetailViewController.xib; sourceTree = "<group>"; };
		FC16AF262560CADF00180235 /* BasketViewController.swift */ = {isa = PBXFileReference; lastKnownFileType = sourcecode.swift; path = BasketViewController.swift; sourceTree = "<group>"; };
		FC16AF272560CADF00180235 /* BasketViewController.xib */ = {isa = PBXFileReference; lastKnownFileType = file.xib; path = BasketViewController.xib; sourceTree = "<group>"; };
		FC16AF2E25612F2F00180235 /* BasketDeliverTableViewCell.swift */ = {isa = PBXFileReference; lastKnownFileType = sourcecode.swift; path = BasketDeliverTableViewCell.swift; sourceTree = "<group>"; };
		FC16AF2F25612F2F00180235 /* BasketDeliverTableViewCell.xib */ = {isa = PBXFileReference; lastKnownFileType = file.xib; path = BasketDeliverTableViewCell.xib; sourceTree = "<group>"; };
		FC16AF33256130FF00180235 /* BasketOrderTableViewCell.swift */ = {isa = PBXFileReference; lastKnownFileType = sourcecode.swift; path = BasketOrderTableViewCell.swift; sourceTree = "<group>"; };
		FC16AF34256130FF00180235 /* BasketOrderTableViewCell.xib */ = {isa = PBXFileReference; lastKnownFileType = file.xib; path = BasketOrderTableViewCell.xib; sourceTree = "<group>"; };
		FC16AF38256137F900180235 /* BasketOrderTotalTableViewCell.swift */ = {isa = PBXFileReference; lastKnownFileType = sourcecode.swift; path = BasketOrderTotalTableViewCell.swift; sourceTree = "<group>"; };
		FC16AF39256137F900180235 /* BasketOrderTotalTableViewCell.xib */ = {isa = PBXFileReference; lastKnownFileType = file.xib; path = BasketOrderTotalTableViewCell.xib; sourceTree = "<group>"; };
		FC16AF3D25613A0B00180235 /* BasketPaymentTableViewCell.swift */ = {isa = PBXFileReference; lastKnownFileType = sourcecode.swift; path = BasketPaymentTableViewCell.swift; sourceTree = "<group>"; };
		FC16AF3E25613A0B00180235 /* BasketPaymentTableViewCell.xib */ = {isa = PBXFileReference; lastKnownFileType = file.xib; path = BasketPaymentTableViewCell.xib; sourceTree = "<group>"; };
		FC3161F4255CB71600D3ED8E /* .swiftlint.yml */ = {isa = PBXFileReference; fileEncoding = 4; lastKnownFileType = text.yaml; path = .swiftlint.yml; sourceTree = SOURCE_ROOT; };
		FC3367952567BE5400DBEA58 /* KItchenResponse.swift */ = {isa = PBXFileReference; lastKnownFileType = sourcecode.swift; path = KItchenResponse.swift; sourceTree = "<group>"; };
		FC3367982567BFA000DBEA58 /* RemoteDataSource.swift */ = {isa = PBXFileReference; lastKnownFileType = sourcecode.swift; path = RemoteDataSource.swift; sourceTree = "<group>"; };
		FC33679B2567C14600DBEA58 /* ApiCall.swift */ = {isa = PBXFileReference; lastKnownFileType = sourcecode.swift; path = ApiCall.swift; sourceTree = "<group>"; };
		FC3367A02567C3D700DBEA58 /* ErrorHandler.swift */ = {isa = PBXFileReference; lastKnownFileType = sourcecode.swift; path = ErrorHandler.swift; sourceTree = "<group>"; };
		FC3367BC2567D35C00DBEA58 /* KitchenRepository.swift */ = {isa = PBXFileReference; lastKnownFileType = sourcecode.swift; path = KitchenRepository.swift; sourceTree = "<group>"; };
		FC3367C22567D3DD00DBEA58 /* KitchenModel.swift */ = {isa = PBXFileReference; lastKnownFileType = sourcecode.swift; path = KitchenModel.swift; sourceTree = "<group>"; };
		FC3367C62567D5D400DBEA58 /* KitchenMapper.swift */ = {isa = PBXFileReference; lastKnownFileType = sourcecode.swift; path = KitchenMapper.swift; sourceTree = "<group>"; };
		FC3FDF7A255F4F2B00AEF21E /* MainTabBarViewController.swift */ = {isa = PBXFileReference; lastKnownFileType = sourcecode.swift; path = MainTabBarViewController.swift; sourceTree = "<group>"; };
		FC3FDF7F255F55AA00AEF21E /* KitchenDetailViewController.swift */ = {isa = PBXFileReference; lastKnownFileType = sourcecode.swift; path = KitchenDetailViewController.swift; sourceTree = "<group>"; };
		FC3FDF80255F55AA00AEF21E /* KitchenDetailViewController.xib */ = {isa = PBXFileReference; lastKnownFileType = file.xib; path = KitchenDetailViewController.xib; sourceTree = "<group>"; };
		FC4F9D94255B8E4600996D92 /* FoodieApp-iOS.app */ = {isa = PBXFileReference; explicitFileType = wrapper.application; includeInIndex = 0; path = "FoodieApp-iOS.app"; sourceTree = BUILT_PRODUCTS_DIR; };
		FC4F9D97255B8E4600996D92 /* AppDelegate.swift */ = {isa = PBXFileReference; lastKnownFileType = sourcecode.swift; path = AppDelegate.swift; sourceTree = "<group>"; };
		FC4F9D9B255B8E4600996D92 /* WelcomeViewController.swift */ = {isa = PBXFileReference; lastKnownFileType = sourcecode.swift; path = WelcomeViewController.swift; sourceTree = "<group>"; };
		FC4F9D9E255B8E4600996D92 /* Base */ = {isa = PBXFileReference; lastKnownFileType = file.storyboard; name = Base; path = Base.lproj/Main.storyboard; sourceTree = "<group>"; };
		FC4F9DA0255B8E4700996D92 /* Assets.xcassets */ = {isa = PBXFileReference; lastKnownFileType = folder.assetcatalog; path = Assets.xcassets; sourceTree = "<group>"; };
		FC4F9DA3255B8E4700996D92 /* Base */ = {isa = PBXFileReference; lastKnownFileType = file.storyboard; name = Base; path = Base.lproj/LaunchScreen.storyboard; sourceTree = "<group>"; };
		FC4F9DA5255B8E4700996D92 /* Info.plist */ = {isa = PBXFileReference; lastKnownFileType = text.plist.xml; path = Info.plist; sourceTree = "<group>"; };
		FC4F9DBE255B99A900996D92 /* Poppins-Regular.ttf */ = {isa = PBXFileReference; lastKnownFileType = file; path = "Poppins-Regular.ttf"; sourceTree = "<group>"; };
		FC4F9DC1255B9A1900996D92 /* Poppins-SemiBold.ttf */ = {isa = PBXFileReference; lastKnownFileType = file; path = "Poppins-SemiBold.ttf"; sourceTree = "<group>"; };
		FC4F9DC4255B9A6900996D92 /* Poppins-Bold.ttf */ = {isa = PBXFileReference; lastKnownFileType = file; path = "Poppins-Bold.ttf"; sourceTree = "<group>"; };
		FC4F9DC7255B9A9200996D92 /* Poppins-Light.ttf */ = {isa = PBXFileReference; lastKnownFileType = file; path = "Poppins-Light.ttf"; sourceTree = "<group>"; };
		FC4F9DCA255B9AD800996D92 /* Poppins-Medium.ttf */ = {isa = PBXFileReference; lastKnownFileType = file; path = "Poppins-Medium.ttf"; sourceTree = "<group>"; };
		FC4F9DCF255B9C5C00996D92 /* FontName.swift */ = {isa = PBXFileReference; lastKnownFileType = sourcecode.swift; path = FontName.swift; sourceTree = "<group>"; };
		FC4F9DF2255BE0C300996D92 /* ColorName.swift */ = {isa = PBXFileReference; lastKnownFileType = sourcecode.swift; path = ColorName.swift; sourceTree = "<group>"; };
		FC4F9DF7255C2B2200996D92 /* CustomLabel.swift */ = {isa = PBXFileReference; lastKnownFileType = sourcecode.swift; path = CustomLabel.swift; sourceTree = "<group>"; };
		FC4F9E01255C2EC000996D92 /* CustomButton.swift */ = {isa = PBXFileReference; lastKnownFileType = sourcecode.swift; path = CustomButton.swift; sourceTree = "<group>"; };
		FC4FBA23255E239900BD4A1E /* UIView+Extension.swift */ = {isa = PBXFileReference; lastKnownFileType = sourcecode.swift; path = "UIView+Extension.swift"; sourceTree = "<group>"; };
		FC4FBA26255E253600BD4A1E /* HomeTableViewCell.swift */ = {isa = PBXFileReference; lastKnownFileType = sourcecode.swift; path = HomeTableViewCell.swift; sourceTree = "<group>"; };
		FC4FBA27255E253600BD4A1E /* HomeTableViewCell.xib */ = {isa = PBXFileReference; lastKnownFileType = file.xib; path = HomeTableViewCell.xib; sourceTree = "<group>"; };
		FC8BDA2D256215700083294E /* MyOrderViewController.swift */ = {isa = PBXFileReference; lastKnownFileType = sourcecode.swift; path = MyOrderViewController.swift; sourceTree = "<group>"; };
		FC8BDA2E256215700083294E /* MyOrderViewController.xib */ = {isa = PBXFileReference; lastKnownFileType = file.xib; path = MyOrderViewController.xib; sourceTree = "<group>"; };
		FC8BDA3625621EA10083294E /* MyOrderTableViewCell.swift */ = {isa = PBXFileReference; lastKnownFileType = sourcecode.swift; path = MyOrderTableViewCell.swift; sourceTree = "<group>"; };
		FC8BDA3725621EA10083294E /* MyOrderTableViewCell.xib */ = {isa = PBXFileReference; lastKnownFileType = file.xib; path = MyOrderTableViewCell.xib; sourceTree = "<group>"; };
		FC8BDA3B25623C3C0083294E /* MyOrderDetailViewController.swift */ = {isa = PBXFileReference; lastKnownFileType = sourcecode.swift; path = MyOrderDetailViewController.swift; sourceTree = "<group>"; };
		FC8BDA3C25623C3C0083294E /* MyOrderDetailViewController.xib */ = {isa = PBXFileReference; lastKnownFileType = file.xib; path = MyOrderDetailViewController.xib; sourceTree = "<group>"; };
		FC8BDA4225623FAE0083294E /* MyOrderDeliverTableViewCell.swift */ = {isa = PBXFileReference; lastKnownFileType = sourcecode.swift; path = MyOrderDeliverTableViewCell.swift; sourceTree = "<group>"; };
		FC8BDA4325623FAE0083294E /* MyOrderDeliverTableViewCell.xib */ = {isa = PBXFileReference; lastKnownFileType = file.xib; path = MyOrderDeliverTableViewCell.xib; sourceTree = "<group>"; };
		FC8BDA472562506B0083294E /* MyOrderLocationTableViewCell.swift */ = {isa = PBXFileReference; lastKnownFileType = sourcecode.swift; path = MyOrderLocationTableViewCell.swift; sourceTree = "<group>"; };
		FC8BDA482562506B0083294E /* MyOrderLocationTableViewCell.xib */ = {isa = PBXFileReference; lastKnownFileType = file.xib; path = MyOrderLocationTableViewCell.xib; sourceTree = "<group>"; };
		FC8BDA4C256256220083294E /* MyOrderSummaryTableViewCell.swift */ = {isa = PBXFileReference; lastKnownFileType = sourcecode.swift; path = MyOrderSummaryTableViewCell.swift; sourceTree = "<group>"; };
		FC8BDA4D256256220083294E /* MyOrderSummaryTableViewCell.xib */ = {isa = PBXFileReference; lastKnownFileType = file.xib; path = MyOrderSummaryTableViewCell.xib; sourceTree = "<group>"; };
		FC8BDA51256257300083294E /* MyOrderSummaryDetailTableViewCell.swift */ = {isa = PBXFileReference; lastKnownFileType = sourcecode.swift; path = MyOrderSummaryDetailTableViewCell.swift; sourceTree = "<group>"; };
		FC8BDA52256257300083294E /* MyOrderSummaryDetailTableViewCell.xib */ = {isa = PBXFileReference; lastKnownFileType = file.xib; path = MyOrderSummaryDetailTableViewCell.xib; sourceTree = "<group>"; };
		FC8BDA56256258E20083294E /* MyOrderSubtotalTableViewCell.swift */ = {isa = PBXFileReference; lastKnownFileType = sourcecode.swift; path = MyOrderSubtotalTableViewCell.swift; sourceTree = "<group>"; };
		FC8BDA57256258E20083294E /* MyOrderSubtotalTableViewCell.xib */ = {isa = PBXFileReference; lastKnownFileType = file.xib; path = MyOrderSubtotalTableViewCell.xib; sourceTree = "<group>"; };
		FC8BDA5B25625A810083294E /* MyOrderTotalTableViewCell.swift */ = {isa = PBXFileReference; lastKnownFileType = sourcecode.swift; path = MyOrderTotalTableViewCell.swift; sourceTree = "<group>"; };
		FC8BDA5C25625A810083294E /* MyOrderTotalTableViewCell.xib */ = {isa = PBXFileReference; lastKnownFileType = file.xib; path = MyOrderTotalTableViewCell.xib; sourceTree = "<group>"; };
		FC8BDA6025625E130083294E /* BottomSheetViewController.swift */ = {isa = PBXFileReference; lastKnownFileType = sourcecode.swift; path = BottomSheetViewController.swift; sourceTree = "<group>"; };
		FC8BDA64256262040083294E /* FeedbackViewController.swift */ = {isa = PBXFileReference; lastKnownFileType = sourcecode.swift; path = FeedbackViewController.swift; sourceTree = "<group>"; };
		FC8BDA65256262040083294E /* FeedbackViewController.xib */ = {isa = PBXFileReference; lastKnownFileType = file.xib; path = FeedbackViewController.xib; sourceTree = "<group>"; };
		FC8BDAC12563CA2D0083294E /* CustomTextView.swift */ = {isa = PBXFileReference; lastKnownFileType = sourcecode.swift; path = CustomTextView.swift; sourceTree = "<group>"; };
		FC8BDAC42564BB840083294E /* ProfileViewController.swift */ = {isa = PBXFileReference; lastKnownFileType = sourcecode.swift; path = ProfileViewController.swift; sourceTree = "<group>"; };
		FC8BDAC52564BB840083294E /* ProfileViewController.xib */ = {isa = PBXFileReference; lastKnownFileType = file.xib; path = ProfileViewController.xib; sourceTree = "<group>"; };
		FC8BDACC2564C8200083294E /* ProfileEditViewController.swift */ = {isa = PBXFileReference; lastKnownFileType = sourcecode.swift; path = ProfileEditViewController.swift; sourceTree = "<group>"; };
		FC8BDACD2564C8200083294E /* ProfileEditViewController.xib */ = {isa = PBXFileReference; lastKnownFileType = file.xib; path = ProfileEditViewController.xib; sourceTree = "<group>"; };
		FCBF666C255D116900E86744 /* IconName.swift */ = {isa = PBXFileReference; lastKnownFileType = sourcecode.swift; path = IconName.swift; sourceTree = "<group>"; };
		FCBF6670255D124800E86744 /* UITextField+Extension.swift */ = {isa = PBXFileReference; lastKnownFileType = sourcecode.swift; path = "UITextField+Extension.swift"; sourceTree = "<group>"; };
		FCBF6673255D174100E86744 /* LoginViewController.swift */ = {isa = PBXFileReference; lastKnownFileType = sourcecode.swift; path = LoginViewController.swift; sourceTree = "<group>"; };
		FCBF6674255D174100E86744 /* LoginViewController.xib */ = {isa = PBXFileReference; lastKnownFileType = file.xib; path = LoginViewController.xib; sourceTree = "<group>"; };
		FCBF667C255D1A8700E86744 /* CheckEmailViewController.swift */ = {isa = PBXFileReference; lastKnownFileType = sourcecode.swift; path = CheckEmailViewController.swift; sourceTree = "<group>"; };
		FCBF667D255D1A8700E86744 /* CheckEmailViewController.xib */ = {isa = PBXFileReference; lastKnownFileType = file.xib; path = CheckEmailViewController.xib; sourceTree = "<group>"; };
		FCD228B0255CA49900FDCB5A /* CreateAccountViewController.swift */ = {isa = PBXFileReference; lastKnownFileType = sourcecode.swift; path = CreateAccountViewController.swift; sourceTree = "<group>"; };
		FCD228B1255CA49900FDCB5A /* CreateAccountViewController.xib */ = {isa = PBXFileReference; lastKnownFileType = file.xib; path = CreateAccountViewController.xib; sourceTree = "<group>"; };
		FCD228B6255CA99500FDCB5A /* CustomTextField.swift */ = {isa = PBXFileReference; lastKnownFileType = sourcecode.swift; path = CustomTextField.swift; sourceTree = "<group>"; };
		FCE2C1DB255D315400BF246A /* HomeViewController.swift */ = {isa = PBXFileReference; lastKnownFileType = sourcecode.swift; path = HomeViewController.swift; sourceTree = "<group>"; };
		FCE2C1DC255D315400BF246A /* HomeViewController.xib */ = {isa = PBXFileReference; lastKnownFileType = file.xib; path = HomeViewController.xib; sourceTree = "<group>"; };
		FCE2C1E3255D9C3E00BF246A /* UISearchBar+Extension.swift */ = {isa = PBXFileReference; lastKnownFileType = sourcecode.swift; path = "UISearchBar+Extension.swift"; sourceTree = "<group>"; };
		FCE2C1E6255DFDB000BF246A /* CustomButtonSmall.swift */ = {isa = PBXFileReference; lastKnownFileType = sourcecode.swift; path = CustomButtonSmall.swift; sourceTree = "<group>"; };
/* End PBXFileReference section */

/* Begin PBXFrameworksBuildPhase section */
		FC4F9D91255B8E4600996D92 /* Frameworks */ = {
			isa = PBXFrameworksBuildPhase;
			buildActionMask = 2147483647;
			files = (
				620974E8FC48CF3477F15C97 /* Pods_FoodieApp_iOS.framework in Frameworks */,
			);
			runOnlyForDeploymentPostprocessing = 0;
		};
/* End PBXFrameworksBuildPhase section */

/* Begin PBXGroup section */
		6D2766B92077F39C1654235E /* Frameworks */ = {
			isa = PBXGroup;
			children = (
				99E550BDCDC61DF844E1E5E0 /* Pods_FoodieApp_iOS.framework */,
			);
			name = Frameworks;
			sourceTree = "<group>";
		};
		AC492394C6D0A3D49CB08674 /* Pods */ = {
			isa = PBXGroup;
			children = (
				4D9311C04ED10998244071E3 /* Pods-FoodieApp-iOS.debug.xcconfig */,
				A5F4C1B4CFFD9275148D0FDD /* Pods-FoodieApp-iOS.release.xcconfig */,
			);
			path = Pods;
			sourceTree = "<group>";
		};
		FC16AF102560BC6700180235 /* FoodDetail */ = {
			isa = PBXGroup;
			children = (
				FC16AF0B2560BC6300180235 /* FoodDetailViewController.swift */,
				FC16AF0C2560BC6300180235 /* FoodDetailViewController.xib */,
			);
			path = FoodDetail;
			sourceTree = "<group>";
		};
		FC16AF2B2560CAE200180235 /* Basket */ = {
			isa = PBXGroup;
			children = (
				FC16AF262560CADF00180235 /* BasketViewController.swift */,
				FC16AF272560CADF00180235 /* BasketViewController.xib */,
				FC16AF2E25612F2F00180235 /* BasketDeliverTableViewCell.swift */,
				FC16AF2F25612F2F00180235 /* BasketDeliverTableViewCell.xib */,
				FC16AF33256130FF00180235 /* BasketOrderTableViewCell.swift */,
				FC16AF34256130FF00180235 /* BasketOrderTableViewCell.xib */,
				FC16AF38256137F900180235 /* BasketOrderTotalTableViewCell.swift */,
				FC16AF39256137F900180235 /* BasketOrderTotalTableViewCell.xib */,
				FC16AF3D25613A0B00180235 /* BasketPaymentTableViewCell.swift */,
				FC16AF3E25613A0B00180235 /* BasketPaymentTableViewCell.xib */,
			);
			path = Basket;
			sourceTree = "<group>";
		};
		FC33670F25672B0200DBEA58 /* Core */ = {
			isa = PBXGroup;
			children = (
				FC3367912567BD6D00DBEA58 /* Data */,
				FC3367C02567D3CA00DBEA58 /* Domain */,
			);
			path = Core;
			sourceTree = "<group>";
		};
		FC3367912567BD6D00DBEA58 /* Data */ = {
			isa = PBXGroup;
			children = (
				FC3367922567BD7600DBEA58 /* Remote */,
				FC3367BC2567D35C00DBEA58 /* KitchenRepository.swift */,
			);
			path = Data;
			sourceTree = "<group>";
		};
		FC3367922567BD7600DBEA58 /* Remote */ = {
			isa = PBXGroup;
			children = (
				FC3367932567BD8000DBEA58 /* Response */,
				FC33679E2567C39300DBEA58 /* Utilities */,
				FC3367982567BFA000DBEA58 /* RemoteDataSource.swift */,
			);
			path = Remote;
			sourceTree = "<group>";
		};
		FC3367932567BD8000DBEA58 /* Response */ = {
			isa = PBXGroup;
			children = (
				FC3367952567BE5400DBEA58 /* KItchenResponse.swift */,
			);
			path = Response;
			sourceTree = "<group>";
		};
		FC33679E2567C39300DBEA58 /* Utilities */ = {
			isa = PBXGroup;
			children = (
				FC33679B2567C14600DBEA58 /* ApiCall.swift */,
				FC3367A02567C3D700DBEA58 /* ErrorHandler.swift */,
				FC3367C62567D5D400DBEA58 /* KitchenMapper.swift */,
			);
			path = Utilities;
			sourceTree = "<group>";
		};
		FC3367C02567D3CA00DBEA58 /* Domain */ = {
			isa = PBXGroup;
			children = (
				FC3367C12567D3D600DBEA58 /* Model */,
			);
			path = Domain;
			sourceTree = "<group>";
		};
		FC3367C12567D3D600DBEA58 /* Model */ = {
			isa = PBXGroup;
			children = (
				FC3367C22567D3DD00DBEA58 /* KitchenModel.swift */,
			);
			path = Model;
			sourceTree = "<group>";
		};
		FC3FDF79255F4EF200AEF21E /* Helpers */ = {
			isa = PBXGroup;
			children = (
				FC3FDF7A255F4F2B00AEF21E /* MainTabBarViewController.swift */,
				FC8BDA6025625E130083294E /* BottomSheetViewController.swift */,
			);
			path = Helpers;
			sourceTree = "<group>";
		};
		FC3FDF7D255F555000AEF21E /* KitchenDetail */ = {
			isa = PBXGroup;
			children = (
				FC3FDF7F255F55AA00AEF21E /* KitchenDetailViewController.swift */,
				FC3FDF80255F55AA00AEF21E /* KitchenDetailViewController.xib */,
				FC16AEF9255FAB5000180235 /* KitchenDetailCollectionViewCell.swift */,
				FC16AEFA255FAB5000180235 /* KitchenDetailCollectionViewCell.xib */,
				FC16AF2B2560CAE200180235 /* Basket */,
				FC16AF102560BC6700180235 /* FoodDetail */,
			);
			path = KitchenDetail;
			sourceTree = "<group>";
		};
		FC4F9D8B255B8E4600996D92 = {
			isa = PBXGroup;
			children = (
				FC4F9D96255B8E4600996D92 /* FoodieApp-iOS */,
				FC4F9D95255B8E4600996D92 /* Products */,
				AC492394C6D0A3D49CB08674 /* Pods */,
				6D2766B92077F39C1654235E /* Frameworks */,
			);
			sourceTree = "<group>";
		};
		FC4F9D95255B8E4600996D92 /* Products */ = {
			isa = PBXGroup;
			children = (
				FC4F9D94255B8E4600996D92 /* FoodieApp-iOS.app */,
			);
			name = Products;
			sourceTree = "<group>";
		};
		FC4F9D96255B8E4600996D92 /* FoodieApp-iOS */ = {
			isa = PBXGroup;
			children = (
				FC3161F4255CB71600D3ED8E /* .swiftlint.yml */,
				FC4F9DAE255B8F2E00996D92 /* App */,
				FC33670F25672B0200DBEA58 /* Core */,
				FC4F9DAD255B8F0700996D92 /* Module */,
				FC3FDF79255F4EF200AEF21E /* Helpers */,
				FCBF666F255D122B00E86744 /* Extensions */,
				FC4F9DF6255C2B0200996D92 /* CustomComponents */,
				FC4F9DCE255B9C2D00996D92 /* Constants */,
				FC4F9DB3255B914700996D92 /* SupportFiles */,
			);
			path = "FoodieApp-iOS";
			sourceTree = "<group>";
		};
		FC4F9DAD255B8F0700996D92 /* Module */ = {
			isa = PBXGroup;
			children = (
				FC4F9D9D255B8E4600996D92 /* Main.storyboard */,
				FC4F9DB0255B8F7400996D92 /* Welcome */,
				FCBF6678255D174600E86744 /* Login */,
				FCD228AF255CA45200FDCB5A /* CreateAccount */,
				FCBF6681255D1A9500E86744 /* CheckEmail */,
				FCE2C1E0255D315800BF246A /* Home */,
				FC8BDA32256215740083294E /* MyOrder */,
				FC8BDAC92564BB8A0083294E /* Profile */,
			);
			path = Module;
			sourceTree = "<group>";
		};
		FC4F9DAE255B8F2E00996D92 /* App */ = {
			isa = PBXGroup;
			children = (
				FC4F9D97255B8E4600996D92 /* AppDelegate.swift */,
			);
			path = App;
			sourceTree = "<group>";
		};
		FC4F9DB0255B8F7400996D92 /* Welcome */ = {
			isa = PBXGroup;
			children = (
				FC4F9D9B255B8E4600996D92 /* WelcomeViewController.swift */,
			);
			path = Welcome;
			sourceTree = "<group>";
		};
		FC4F9DB3255B914700996D92 /* SupportFiles */ = {
			isa = PBXGroup;
			children = (
				FC4F9DBD255B994700996D92 /* Fonts */,
				FC4F9DA0255B8E4700996D92 /* Assets.xcassets */,
				FC4F9DA2255B8E4700996D92 /* LaunchScreen.storyboard */,
				FC4F9DA5255B8E4700996D92 /* Info.plist */,
			);
			path = SupportFiles;
			sourceTree = "<group>";
		};
		FC4F9DBD255B994700996D92 /* Fonts */ = {
			isa = PBXGroup;
			children = (
				FC4F9DC7255B9A9200996D92 /* Poppins-Light.ttf */,
				FC4F9DBE255B99A900996D92 /* Poppins-Regular.ttf */,
				FC4F9DCA255B9AD800996D92 /* Poppins-Medium.ttf */,
				FC4F9DC1255B9A1900996D92 /* Poppins-SemiBold.ttf */,
				FC4F9DC4255B9A6900996D92 /* Poppins-Bold.ttf */,
			);
			path = Fonts;
			sourceTree = "<group>";
		};
		FC4F9DCE255B9C2D00996D92 /* Constants */ = {
			isa = PBXGroup;
			children = (
				FC4F9DCF255B9C5C00996D92 /* FontName.swift */,
				FC4F9DF2255BE0C300996D92 /* ColorName.swift */,
				FCBF666C255D116900E86744 /* IconName.swift */,
				FC16AEFE255FAC2400180235 /* CellName.swift */,
			);
			path = Constants;
			sourceTree = "<group>";
		};
		FC4F9DF6255C2B0200996D92 /* CustomComponents */ = {
			isa = PBXGroup;
			children = (
				FC4F9DF7255C2B2200996D92 /* CustomLabel.swift */,
				FC4F9E01255C2EC000996D92 /* CustomButton.swift */,
				FCE2C1E6255DFDB000BF246A /* CustomButtonSmall.swift */,
				FCD228B6255CA99500FDCB5A /* CustomTextField.swift */,
				FC8BDAC12563CA2D0083294E /* CustomTextView.swift */,
				FC16AF082560B86E00180235 /* CustomView.swift */,
			);
			path = CustomComponents;
			sourceTree = "<group>";
		};
		FC8BDA32256215740083294E /* MyOrder */ = {
			isa = PBXGroup;
			children = (
				FC8BDA2D256215700083294E /* MyOrderViewController.swift */,
				FC8BDA2E256215700083294E /* MyOrderViewController.xib */,
				FC8BDA3625621EA10083294E /* MyOrderTableViewCell.swift */,
				FC8BDA3725621EA10083294E /* MyOrderTableViewCell.xib */,
				FC8BDA4025623C450083294E /* MyOrderDetail */,
			);
			path = MyOrder;
			sourceTree = "<group>";
		};
		FC8BDA4025623C450083294E /* MyOrderDetail */ = {
			isa = PBXGroup;
			children = (
				FC8BDA3B25623C3C0083294E /* MyOrderDetailViewController.swift */,
				FC8BDA3C25623C3C0083294E /* MyOrderDetailViewController.xib */,
				FC8BDA4225623FAE0083294E /* MyOrderDeliverTableViewCell.swift */,
				FC8BDA4325623FAE0083294E /* MyOrderDeliverTableViewCell.xib */,
				FC8BDA472562506B0083294E /* MyOrderLocationTableViewCell.swift */,
				FC8BDA482562506B0083294E /* MyOrderLocationTableViewCell.xib */,
				FC8BDA4C256256220083294E /* MyOrderSummaryTableViewCell.swift */,
				FC8BDA4D256256220083294E /* MyOrderSummaryTableViewCell.xib */,
				FC8BDA51256257300083294E /* MyOrderSummaryDetailTableViewCell.swift */,
				FC8BDA52256257300083294E /* MyOrderSummaryDetailTableViewCell.xib */,
				FC8BDA56256258E20083294E /* MyOrderSubtotalTableViewCell.swift */,
				FC8BDA57256258E20083294E /* MyOrderSubtotalTableViewCell.xib */,
				FC8BDA5B25625A810083294E /* MyOrderTotalTableViewCell.swift */,
				FC8BDA5C25625A810083294E /* MyOrderTotalTableViewCell.xib */,
				FC8BDA64256262040083294E /* FeedbackViewController.swift */,
				FC8BDA65256262040083294E /* FeedbackViewController.xib */,
			);
			path = MyOrderDetail;
			sourceTree = "<group>";
		};
		FC8BDAC92564BB8A0083294E /* Profile */ = {
			isa = PBXGroup;
			children = (
				FC8BDAC42564BB840083294E /* ProfileViewController.swift */,
				FC8BDAC52564BB840083294E /* ProfileViewController.xib */,
				FC8BDAD12564C8390083294E /* ProfileEdit */,
			);
			path = Profile;
			sourceTree = "<group>";
		};
		FC8BDAD12564C8390083294E /* ProfileEdit */ = {
			isa = PBXGroup;
			children = (
				FC8BDACC2564C8200083294E /* ProfileEditViewController.swift */,
				FC8BDACD2564C8200083294E /* ProfileEditViewController.xib */,
			);
			path = ProfileEdit;
			sourceTree = "<group>";
		};
		FCBF666F255D122B00E86744 /* Extensions */ = {
			isa = PBXGroup;
			children = (
				FCBF6670255D124800E86744 /* UITextField+Extension.swift */,
				FCE2C1E3255D9C3E00BF246A /* UISearchBar+Extension.swift */,
				FC4FBA23255E239900BD4A1E /* UIView+Extension.swift */,
				FC16AEF3255FA5BC00180235 /* UIViewController+Extension.swift */,
				FC16AF052560A33900180235 /* UICollectionView+Extension.swift */,
			);
			path = Extensions;
			sourceTree = "<group>";
		};
		FCBF6678255D174600E86744 /* Login */ = {
			isa = PBXGroup;
			children = (
				FCBF6673255D174100E86744 /* LoginViewController.swift */,
				FCBF6674255D174100E86744 /* LoginViewController.xib */,
			);
			path = Login;
			sourceTree = "<group>";
		};
		FCBF6681255D1A9500E86744 /* CheckEmail */ = {
			isa = PBXGroup;
			children = (
				FCBF667C255D1A8700E86744 /* CheckEmailViewController.swift */,
				FCBF667D255D1A8700E86744 /* CheckEmailViewController.xib */,
			);
			path = CheckEmail;
			sourceTree = "<group>";
		};
		FCD228AF255CA45200FDCB5A /* CreateAccount */ = {
			isa = PBXGroup;
			children = (
				FCD228B0255CA49900FDCB5A /* CreateAccountViewController.swift */,
				FCD228B1255CA49900FDCB5A /* CreateAccountViewController.xib */,
			);
			path = CreateAccount;
			sourceTree = "<group>";
		};
		FCE2C1E0255D315800BF246A /* Home */ = {
			isa = PBXGroup;
			children = (
				FCE2C1DB255D315400BF246A /* HomeViewController.swift */,
				FCE2C1DC255D315400BF246A /* HomeViewController.xib */,
				FC4FBA26255E253600BD4A1E /* HomeTableViewCell.swift */,
				FC4FBA27255E253600BD4A1E /* HomeTableViewCell.xib */,
				FC3FDF7D255F555000AEF21E /* KitchenDetail */,
			);
			path = Home;
			sourceTree = "<group>";
		};
/* End PBXGroup section */

/* Begin PBXNativeTarget section */
		FC4F9D93255B8E4600996D92 /* FoodieApp-iOS */ = {
			isa = PBXNativeTarget;
			buildConfigurationList = FC4F9DA8255B8E4700996D92 /* Build configuration list for PBXNativeTarget "FoodieApp-iOS" */;
			buildPhases = (
				E9F527BDDB478ADC5A50EC23 /* [CP] Check Pods Manifest.lock */,
				FC4F9D90255B8E4600996D92 /* Sources */,
				FC4F9D91255B8E4600996D92 /* Frameworks */,
				FC4F9D92255B8E4600996D92 /* Resources */,
				FC4F9DB9255B985E00996D92 /* ShellScript */,
				5A4238B297F6A3798BF07860 /* [CP] Embed Pods Frameworks */,
			);
			buildRules = (
			);
			dependencies = (
			);
			name = "FoodieApp-iOS";
			productName = "FoodieApp-iOS";
			productReference = FC4F9D94255B8E4600996D92 /* FoodieApp-iOS.app */;
			productType = "com.apple.product-type.application";
		};
/* End PBXNativeTarget section */

/* Begin PBXProject section */
		FC4F9D8C255B8E4600996D92 /* Project object */ = {
			isa = PBXProject;
			attributes = {
				LastSwiftUpdateCheck = 1210;
				LastUpgradeCheck = 1210;
				TargetAttributes = {
					FC4F9D93255B8E4600996D92 = {
						CreatedOnToolsVersion = 12.1;
					};
				};
			};
			buildConfigurationList = FC4F9D8F255B8E4600996D92 /* Build configuration list for PBXProject "FoodieApp-iOS" */;
			compatibilityVersion = "Xcode 9.3";
			developmentRegion = en;
			hasScannedForEncodings = 0;
			knownRegions = (
				en,
				Base,
			);
			mainGroup = FC4F9D8B255B8E4600996D92;
			productRefGroup = FC4F9D95255B8E4600996D92 /* Products */;
			projectDirPath = "";
			projectRoot = "";
			targets = (
				FC4F9D93255B8E4600996D92 /* FoodieApp-iOS */,
			);
		};
/* End PBXProject section */

/* Begin PBXResourcesBuildPhase section */
		FC4F9D92255B8E4600996D92 /* Resources */ = {
			isa = PBXResourcesBuildPhase;
			buildActionMask = 2147483647;
			files = (
				FC8BDA3E25623C3C0083294E /* MyOrderDetailViewController.xib in Resources */,
				FC3161F5255CB71600D3ED8E /* .swiftlint.yml in Resources */,
				FC3FDF82255F55AA00AEF21E /* KitchenDetailViewController.xib in Resources */,
				FC4F9DC8255B9A9200996D92 /* Poppins-Light.ttf in Resources */,
				FCE2C1DE255D315400BF246A /* HomeViewController.xib in Resources */,
				FC16AEFC255FAB5000180235 /* KitchenDetailCollectionViewCell.xib in Resources */,
				FC8BDA59256258E20083294E /* MyOrderSubtotalTableViewCell.xib in Resources */,
				FCBF6676255D174100E86744 /* LoginViewController.xib in Resources */,
				FC8BDA3925621EA10083294E /* MyOrderTableViewCell.xib in Resources */,
				FC4F9DC2255B9A1900996D92 /* Poppins-SemiBold.ttf in Resources */,
				FC16AF3125612F2F00180235 /* BasketDeliverTableViewCell.xib in Resources */,
				FC4F9DC5255B9A6900996D92 /* Poppins-Bold.ttf in Resources */,
				FC4F9DA4255B8E4700996D92 /* LaunchScreen.storyboard in Resources */,
				FC16AF36256130FF00180235 /* BasketOrderTableViewCell.xib in Resources */,
				FC4F9DA1255B8E4700996D92 /* Assets.xcassets in Resources */,
				FC8BDA67256262040083294E /* FeedbackViewController.xib in Resources */,
				FC4FBA29255E253600BD4A1E /* HomeTableViewCell.xib in Resources */,
				FC8BDA5E25625A810083294E /* MyOrderTotalTableViewCell.xib in Resources */,
				FC4F9DCB255B9AD800996D92 /* Poppins-Medium.ttf in Resources */,
				FC16AF4025613A0B00180235 /* BasketPaymentTableViewCell.xib in Resources */,
				FC4F9D9F255B8E4600996D92 /* Main.storyboard in Resources */,
				FC8BDA4525623FAE0083294E /* MyOrderDeliverTableViewCell.xib in Resources */,
				FC8BDA4A2562506B0083294E /* MyOrderLocationTableViewCell.xib in Resources */,
				FC16AF3B256137F900180235 /* BasketOrderTotalTableViewCell.xib in Resources */,
				FC4F9DBF255B99A900996D92 /* Poppins-Regular.ttf in Resources */,
				FCBF667F255D1A8700E86744 /* CheckEmailViewController.xib in Resources */,
				FC8BDA30256215700083294E /* MyOrderViewController.xib in Resources */,
				FC8BDAC72564BB850083294E /* ProfileViewController.xib in Resources */,
				FCD228B3255CA49900FDCB5A /* CreateAccountViewController.xib in Resources */,
				FC16AF292560CADF00180235 /* BasketViewController.xib in Resources */,
				FC8BDACF2564C8200083294E /* ProfileEditViewController.xib in Resources */,
				FC16AF0E2560BC6300180235 /* FoodDetailViewController.xib in Resources */,
				FC8BDA54256257300083294E /* MyOrderSummaryDetailTableViewCell.xib in Resources */,
				FC8BDA4F256256220083294E /* MyOrderSummaryTableViewCell.xib in Resources */,
			);
			runOnlyForDeploymentPostprocessing = 0;
		};
/* End PBXResourcesBuildPhase section */

/* Begin PBXShellScriptBuildPhase section */
		5A4238B297F6A3798BF07860 /* [CP] Embed Pods Frameworks */ = {
			isa = PBXShellScriptBuildPhase;
			buildActionMask = 2147483647;
			files = (
			);
			inputFileListPaths = (
				"${PODS_ROOT}/Target Support Files/Pods-FoodieApp-iOS/Pods-FoodieApp-iOS-frameworks-${CONFIGURATION}-input-files.xcfilelist",
			);
			name = "[CP] Embed Pods Frameworks";
			outputFileListPaths = (
				"${PODS_ROOT}/Target Support Files/Pods-FoodieApp-iOS/Pods-FoodieApp-iOS-frameworks-${CONFIGURATION}-output-files.xcfilelist",
			);
			runOnlyForDeploymentPostprocessing = 0;
			shellPath = /bin/sh;
			shellScript = "\"${PODS_ROOT}/Target Support Files/Pods-FoodieApp-iOS/Pods-FoodieApp-iOS-frameworks.sh\"\n";
			showEnvVarsInLog = 0;
		};
		E9F527BDDB478ADC5A50EC23 /* [CP] Check Pods Manifest.lock */ = {
			isa = PBXShellScriptBuildPhase;
			buildActionMask = 2147483647;
			files = (
			);
			inputFileListPaths = (
			);
			inputPaths = (
				"${PODS_PODFILE_DIR_PATH}/Podfile.lock",
				"${PODS_ROOT}/Manifest.lock",
			);
			name = "[CP] Check Pods Manifest.lock";
			outputFileListPaths = (
			);
			outputPaths = (
				"$(DERIVED_FILE_DIR)/Pods-FoodieApp-iOS-checkManifestLockResult.txt",
			);
			runOnlyForDeploymentPostprocessing = 0;
			shellPath = /bin/sh;
			shellScript = "diff \"${PODS_PODFILE_DIR_PATH}/Podfile.lock\" \"${PODS_ROOT}/Manifest.lock\" > /dev/null\nif [ $? != 0 ] ; then\n    # print error to STDERR\n    echo \"error: The sandbox is not in sync with the Podfile.lock. Run 'pod install' or update your CocoaPods installation.\" >&2\n    exit 1\nfi\n# This output is used by Xcode 'outputs' to avoid re-running this script phase.\necho \"SUCCESS\" > \"${SCRIPT_OUTPUT_FILE_0}\"\n";
			showEnvVarsInLog = 0;
		};
		FC4F9DB9255B985E00996D92 /* ShellScript */ = {
			isa = PBXShellScriptBuildPhase;
			buildActionMask = 2147483647;
			files = (
			);
			inputFileListPaths = (
			);
			inputPaths = (
			);
			outputFileListPaths = (
			);
			outputPaths = (
			);
			runOnlyForDeploymentPostprocessing = 0;
			shellPath = /bin/sh;
			shellScript = "if which ${PODS_ROOT}/SwiftLint/swiftlint >/dev/null; then\n  ${PODS_ROOT}/SwiftLint/swiftlint lint --config .swiftlint.yml\nelse\n  echo \"warning: SwiftLint not installed, download from https://github.com/realm/SwiftLint\"\nfi\n";
		};
/* End PBXShellScriptBuildPhase section */

/* Begin PBXSourcesBuildPhase section */
		FC4F9D90255B8E4600996D92 /* Sources */ = {
			isa = PBXSourcesBuildPhase;
			buildActionMask = 2147483647;
			files = (
				FC8BDA2F256215700083294E /* MyOrderViewController.swift in Sources */,
				FC4F9D9C255B8E4600996D92 /* WelcomeViewController.swift in Sources */,
				FC8BDA53256257300083294E /* MyOrderSummaryDetailTableViewCell.swift in Sources */,
				FC8BDA492562506B0083294E /* MyOrderLocationTableViewCell.swift in Sources */,
				FC3367BD2567D35C00DBEA58 /* KitchenRepository.swift in Sources */,
				FC4F9DD0255B9C5C00996D92 /* FontName.swift in Sources */,
				FC16AF282560CADF00180235 /* BasketViewController.swift in Sources */,
				FC4FBA24255E239900BD4A1E /* UIView+Extension.swift in Sources */,
				FC3FDF7B255F4F2B00AEF21E /* MainTabBarViewController.swift in Sources */,
				FC8BDA4425623FAE0083294E /* MyOrderDeliverTableViewCell.swift in Sources */,
				FCBF666D255D116900E86744 /* IconName.swift in Sources */,
				FC4F9D98255B8E4600996D92 /* AppDelegate.swift in Sources */,
				FC16AF3025612F2F00180235 /* BasketDeliverTableViewCell.swift in Sources */,
				FC8BDA66256262040083294E /* FeedbackViewController.swift in Sources */,
				FC8BDA58256258E20083294E /* MyOrderSubtotalTableViewCell.swift in Sources */,
				FC8BDA3D25623C3C0083294E /* MyOrderDetailViewController.swift in Sources */,
				FC4F9DF3255BE0C300996D92 /* ColorName.swift in Sources */,
				FCBF6671255D124800E86744 /* UITextField+Extension.swift in Sources */,
				FC16AF35256130FF00180235 /* BasketOrderTableViewCell.swift in Sources */,
				FC16AF0D2560BC6300180235 /* FoodDetailViewController.swift in Sources */,
				FC16AEF4255FA5BC00180235 /* UIViewController+Extension.swift in Sources */,
				FC3367962567BE5400DBEA58 /* KItchenResponse.swift in Sources */,
				FC3367A12567C3D700DBEA58 /* ErrorHandler.swift in Sources */,
				FC16AF092560B86E00180235 /* CustomView.swift in Sources */,
				FC16AF3F25613A0B00180235 /* BasketPaymentTableViewCell.swift in Sources */,
				FC16AF062560A33900180235 /* UICollectionView+Extension.swift in Sources */,
				FCBF667E255D1A8700E86744 /* CheckEmailViewController.swift in Sources */,
				FC8BDA6125625E130083294E /* BottomSheetViewController.swift in Sources */,
				FCD228B2255CA49900FDCB5A /* CreateAccountViewController.swift in Sources */,
				FC16AEFB255FAB5000180235 /* KitchenDetailCollectionViewCell.swift in Sources */,
				FC3367C32567D3DD00DBEA58 /* KitchenModel.swift in Sources */,
				FC4F9E02255C2EC000996D92 /* CustomButton.swift in Sources */,
				FCE2C1E7255DFDB000BF246A /* CustomButtonSmall.swift in Sources */,
				FC16AF3A256137F900180235 /* BasketOrderTotalTableViewCell.swift in Sources */,
				FC4F9DF8255C2B2200996D92 /* CustomLabel.swift in Sources */,
				FC8BDA5D25625A810083294E /* MyOrderTotalTableViewCell.swift in Sources */,
				FC8BDACE2564C8200083294E /* ProfileEditViewController.swift in Sources */,
				FC8BDAC22563CA2D0083294E /* CustomTextView.swift in Sources */,
				FC33679C2567C14600DBEA58 /* ApiCall.swift in Sources */,
				FCD228B7255CA99500FDCB5A /* CustomTextField.swift in Sources */,
				FCE2C1DD255D315400BF246A /* HomeViewController.swift in Sources */,
				FC8BDA4E256256220083294E /* MyOrderSummaryTableViewCell.swift in Sources */,
				FC8BDA3825621EA10083294E /* MyOrderTableViewCell.swift in Sources */,
				FC3367C72567D5D400DBEA58 /* KitchenMapper.swift in Sources */,
				FCBF6675255D174100E86744 /* LoginViewController.swift in Sources */,
				FC3367992567BFA000DBEA58 /* RemoteDataSource.swift in Sources */,
				FC16AEFF255FAC2400180235 /* CellName.swift in Sources */,
				FC3FDF81255F55AA00AEF21E /* KitchenDetailViewController.swift in Sources */,
				FC8BDAC62564BB850083294E /* ProfileViewController.swift in Sources */,
				FC4FBA28255E253600BD4A1E /* HomeTableViewCell.swift in Sources */,
				FCE2C1E4255D9C3E00BF246A /* UISearchBar+Extension.swift in Sources */,
			);
			runOnlyForDeploymentPostprocessing = 0;
		};
/* End PBXSourcesBuildPhase section */

/* Begin PBXVariantGroup section */
		FC4F9D9D255B8E4600996D92 /* Main.storyboard */ = {
			isa = PBXVariantGroup;
			children = (
				FC4F9D9E255B8E4600996D92 /* Base */,
			);
			name = Main.storyboard;
			sourceTree = "<group>";
		};
		FC4F9DA2255B8E4700996D92 /* LaunchScreen.storyboard */ = {
			isa = PBXVariantGroup;
			children = (
				FC4F9DA3255B8E4700996D92 /* Base */,
			);
			name = LaunchScreen.storyboard;
			sourceTree = "<group>";
		};
/* End PBXVariantGroup section */

/* Begin XCBuildConfiguration section */
		FC4F9DA6255B8E4700996D92 /* Debug */ = {
			isa = XCBuildConfiguration;
			buildSettings = {
				ALWAYS_SEARCH_USER_PATHS = NO;
				CLANG_ANALYZER_NONNULL = YES;
				CLANG_ANALYZER_NUMBER_OBJECT_CONVERSION = YES_AGGRESSIVE;
				CLANG_CXX_LANGUAGE_STANDARD = "gnu++14";
				CLANG_CXX_LIBRARY = "libc++";
				CLANG_ENABLE_MODULES = YES;
				CLANG_ENABLE_OBJC_ARC = YES;
				CLANG_ENABLE_OBJC_WEAK = YES;
				CLANG_WARN_BLOCK_CAPTURE_AUTORELEASING = YES;
				CLANG_WARN_BOOL_CONVERSION = YES;
				CLANG_WARN_COMMA = YES;
				CLANG_WARN_CONSTANT_CONVERSION = YES;
				CLANG_WARN_DEPRECATED_OBJC_IMPLEMENTATIONS = YES;
				CLANG_WARN_DIRECT_OBJC_ISA_USAGE = YES_ERROR;
				CLANG_WARN_DOCUMENTATION_COMMENTS = YES;
				CLANG_WARN_EMPTY_BODY = YES;
				CLANG_WARN_ENUM_CONVERSION = YES;
				CLANG_WARN_INFINITE_RECURSION = YES;
				CLANG_WARN_INT_CONVERSION = YES;
				CLANG_WARN_NON_LITERAL_NULL_CONVERSION = YES;
				CLANG_WARN_OBJC_IMPLICIT_RETAIN_SELF = YES;
				CLANG_WARN_OBJC_LITERAL_CONVERSION = YES;
				CLANG_WARN_OBJC_ROOT_CLASS = YES_ERROR;
				CLANG_WARN_QUOTED_INCLUDE_IN_FRAMEWORK_HEADER = YES;
				CLANG_WARN_RANGE_LOOP_ANALYSIS = YES;
				CLANG_WARN_STRICT_PROTOTYPES = YES;
				CLANG_WARN_SUSPICIOUS_MOVE = YES;
				CLANG_WARN_UNGUARDED_AVAILABILITY = YES_AGGRESSIVE;
				CLANG_WARN_UNREACHABLE_CODE = YES;
				CLANG_WARN__DUPLICATE_METHOD_MATCH = YES;
				COPY_PHASE_STRIP = NO;
				DEBUG_INFORMATION_FORMAT = dwarf;
				ENABLE_STRICT_OBJC_MSGSEND = YES;
				ENABLE_TESTABILITY = YES;
				GCC_C_LANGUAGE_STANDARD = gnu11;
				GCC_DYNAMIC_NO_PIC = NO;
				GCC_NO_COMMON_BLOCKS = YES;
				GCC_OPTIMIZATION_LEVEL = 0;
				GCC_PREPROCESSOR_DEFINITIONS = (
					"DEBUG=1",
					"$(inherited)",
				);
				GCC_WARN_64_TO_32_BIT_CONVERSION = YES;
				GCC_WARN_ABOUT_RETURN_TYPE = YES_ERROR;
				GCC_WARN_UNDECLARED_SELECTOR = YES;
				GCC_WARN_UNINITIALIZED_AUTOS = YES_AGGRESSIVE;
				GCC_WARN_UNUSED_FUNCTION = YES;
				GCC_WARN_UNUSED_VARIABLE = YES;
				IPHONEOS_DEPLOYMENT_TARGET = 14.1;
				MTL_ENABLE_DEBUG_INFO = INCLUDE_SOURCE;
				MTL_FAST_MATH = YES;
				ONLY_ACTIVE_ARCH = YES;
				SDKROOT = iphoneos;
				SWIFT_ACTIVE_COMPILATION_CONDITIONS = DEBUG;
				SWIFT_OPTIMIZATION_LEVEL = "-Onone";
			};
			name = Debug;
		};
		FC4F9DA7255B8E4700996D92 /* Release */ = {
			isa = XCBuildConfiguration;
			buildSettings = {
				ALWAYS_SEARCH_USER_PATHS = NO;
				CLANG_ANALYZER_NONNULL = YES;
				CLANG_ANALYZER_NUMBER_OBJECT_CONVERSION = YES_AGGRESSIVE;
				CLANG_CXX_LANGUAGE_STANDARD = "gnu++14";
				CLANG_CXX_LIBRARY = "libc++";
				CLANG_ENABLE_MODULES = YES;
				CLANG_ENABLE_OBJC_ARC = YES;
				CLANG_ENABLE_OBJC_WEAK = YES;
				CLANG_WARN_BLOCK_CAPTURE_AUTORELEASING = YES;
				CLANG_WARN_BOOL_CONVERSION = YES;
				CLANG_WARN_COMMA = YES;
				CLANG_WARN_CONSTANT_CONVERSION = YES;
				CLANG_WARN_DEPRECATED_OBJC_IMPLEMENTATIONS = YES;
				CLANG_WARN_DIRECT_OBJC_ISA_USAGE = YES_ERROR;
				CLANG_WARN_DOCUMENTATION_COMMENTS = YES;
				CLANG_WARN_EMPTY_BODY = YES;
				CLANG_WARN_ENUM_CONVERSION = YES;
				CLANG_WARN_INFINITE_RECURSION = YES;
				CLANG_WARN_INT_CONVERSION = YES;
				CLANG_WARN_NON_LITERAL_NULL_CONVERSION = YES;
				CLANG_WARN_OBJC_IMPLICIT_RETAIN_SELF = YES;
				CLANG_WARN_OBJC_LITERAL_CONVERSION = YES;
				CLANG_WARN_OBJC_ROOT_CLASS = YES_ERROR;
				CLANG_WARN_QUOTED_INCLUDE_IN_FRAMEWORK_HEADER = YES;
				CLANG_WARN_RANGE_LOOP_ANALYSIS = YES;
				CLANG_WARN_STRICT_PROTOTYPES = YES;
				CLANG_WARN_SUSPICIOUS_MOVE = YES;
				CLANG_WARN_UNGUARDED_AVAILABILITY = YES_AGGRESSIVE;
				CLANG_WARN_UNREACHABLE_CODE = YES;
				CLANG_WARN__DUPLICATE_METHOD_MATCH = YES;
				COPY_PHASE_STRIP = NO;
				DEBUG_INFORMATION_FORMAT = "dwarf-with-dsym";
				ENABLE_NS_ASSERTIONS = NO;
				ENABLE_STRICT_OBJC_MSGSEND = YES;
				GCC_C_LANGUAGE_STANDARD = gnu11;
				GCC_NO_COMMON_BLOCKS = YES;
				GCC_WARN_64_TO_32_BIT_CONVERSION = YES;
				GCC_WARN_ABOUT_RETURN_TYPE = YES_ERROR;
				GCC_WARN_UNDECLARED_SELECTOR = YES;
				GCC_WARN_UNINITIALIZED_AUTOS = YES_AGGRESSIVE;
				GCC_WARN_UNUSED_FUNCTION = YES;
				GCC_WARN_UNUSED_VARIABLE = YES;
				IPHONEOS_DEPLOYMENT_TARGET = 14.1;
				MTL_ENABLE_DEBUG_INFO = NO;
				MTL_FAST_MATH = YES;
				SDKROOT = iphoneos;
				SWIFT_COMPILATION_MODE = wholemodule;
				SWIFT_OPTIMIZATION_LEVEL = "-O";
				VALIDATE_PRODUCT = YES;
			};
			name = Release;
		};
		FC4F9DA9255B8E4700996D92 /* Debug */ = {
			isa = XCBuildConfiguration;
			baseConfigurationReference = 4D9311C04ED10998244071E3 /* Pods-FoodieApp-iOS.debug.xcconfig */;
			buildSettings = {
				ASSETCATALOG_COMPILER_APPICON_NAME = AppIcon;
				ASSETCATALOG_COMPILER_GLOBAL_ACCENT_COLOR_NAME = AccentColor;
				CODE_SIGN_STYLE = Automatic;
				DEVELOPMENT_TEAM = 3SMXMP42NY;
				INFOPLIST_FILE = "FoodieApp-iOS/SupportFiles/Info.plist";
				IPHONEOS_DEPLOYMENT_TARGET = 12.0;
				LD_RUNPATH_SEARCH_PATHS = (
					"$(inherited)",
					"@executable_path/Frameworks",
				);
				PRODUCT_BUNDLE_IDENTIFIER = "com.omrobbie.FoodieApp-iOS";
				PRODUCT_NAME = "$(TARGET_NAME)";
				SWIFT_VERSION = 5.0;
				TARGETED_DEVICE_FAMILY = 1;
			};
			name = Debug;
		};
		FC4F9DAA255B8E4700996D92 /* Release */ = {
			isa = XCBuildConfiguration;
			baseConfigurationReference = A5F4C1B4CFFD9275148D0FDD /* Pods-FoodieApp-iOS.release.xcconfig */;
			buildSettings = {
				ASSETCATALOG_COMPILER_APPICON_NAME = AppIcon;
				ASSETCATALOG_COMPILER_GLOBAL_ACCENT_COLOR_NAME = AccentColor;
				CODE_SIGN_STYLE = Automatic;
				DEVELOPMENT_TEAM = 3SMXMP42NY;
				INFOPLIST_FILE = "FoodieApp-iOS/SupportFiles/Info.plist";
				IPHONEOS_DEPLOYMENT_TARGET = 12.0;
				LD_RUNPATH_SEARCH_PATHS = (
					"$(inherited)",
					"@executable_path/Frameworks",
				);
				PRODUCT_BUNDLE_IDENTIFIER = "com.omrobbie.FoodieApp-iOS";
				PRODUCT_NAME = "$(TARGET_NAME)";
				SWIFT_VERSION = 5.0;
				TARGETED_DEVICE_FAMILY = 1;
			};
			name = Release;
		};
/* End XCBuildConfiguration section */

/* Begin XCConfigurationList section */
		FC4F9D8F255B8E4600996D92 /* Build configuration list for PBXProject "FoodieApp-iOS" */ = {
			isa = XCConfigurationList;
			buildConfigurations = (
				FC4F9DA6255B8E4700996D92 /* Debug */,
				FC4F9DA7255B8E4700996D92 /* Release */,
			);
			defaultConfigurationIsVisible = 0;
			defaultConfigurationName = Release;
		};
		FC4F9DA8255B8E4700996D92 /* Build configuration list for PBXNativeTarget "FoodieApp-iOS" */ = {
			isa = XCConfigurationList;
			buildConfigurations = (
				FC4F9DA9255B8E4700996D92 /* Debug */,
				FC4F9DAA255B8E4700996D92 /* Release */,
			);
			defaultConfigurationIsVisible = 0;
			defaultConfigurationName = Release;
		};
/* End XCConfigurationList section */
	};
	rootObject = FC4F9D8C255B8E4600996D92 /* Project object */;
}
